
Microsoft Visual Studio Solution File, Format Version 12.00
# Visual Studio Version 17
VisualStudioVersion = 17.4.33205.214
MinimumVisualStudioVersion = 10.0.40219.1
Project("{2150E333-8FDC-42A3-9474-1A3956D46DE8}") = "Services", "Services", "{B73F4640-0564-4E8F-A5FB-624030B182B6}"
EndProject
Project("{2150E333-8FDC-42A3-9474-1A3956D46DE8}") = "EmployeeInformation", "EmployeeInformation", "{3520AFB2-E2A2-4CF4-80E6-553F8B269A13}"
EndProject
Project("{9A19103F-16F7-4668-BE54-9A1E7A4F7556}") = "EmployeeInformation.API", "Services\EmployeeInformation\EmployeeInformation.API\EmployeeInformation.API.csproj", "{00B641C2-35F1-4024-BE2F-B1408117A88E}"
EndProject
Project("{E53339B2-1760-4266-BCC7-CA923CBCF16C}") = "docker-compose", "docker-compose.dcproj", "{4C2D1098-D20B-49F2-AED8-44366C89610E}"
EndProject
Project("{2150E333-8FDC-42A3-9474-1A3956D46DE8}") = "Discounts", "Discounts", "{44CD5210-079E-4FBA-B3AA-648F9E078666}"
EndProject
Project("{9A19103F-16F7-4668-BE54-9A1E7A4F7556}") = "Discount.Common", "Services\Discounts\Discount.Common\Discount.Common.csproj", "{EECE8FB3-250C-4365-A2B0-645EABCF4838}"
EndProject
Project("{9A19103F-16F7-4668-BE54-9A1E7A4F7556}") = "Discounts.API", "Services\Discounts\Discounts.API\Discounts.API.csproj", "{7E1B6802-7879-471D-B65C-B00FA8A4A310}"
EndProject
Project("{2150E333-8FDC-42A3-9474-1A3956D46DE8}") = "Impressions", "Impressions", "{3584BFCA-AFC5-4987-AB03-1A79F7587E1F}"
EndProject
Project("{9A19103F-16F7-4668-BE54-9A1E7A4F7556}") = "Impressions.API", "Services\Impressions\Impressions.API\Impressions.API.csproj", "{9926587D-7A20-4876-9B6F-DBC04966C8A6}"
EndProject
Project("{2150E333-8FDC-42A3-9474-1A3956D46DE8}") = "Appointments", "Appointments", "{19F6B4FC-950F-410F-BFD3-6406028362DD}"
EndProject
Project("{9A19103F-16F7-4668-BE54-9A1E7A4F7556}") = "Appointments.Domain", "Services\Appointments\Appointments.Domain\Appointments.Domain.csproj", "{345D812B-B2A5-4B58-A027-DB98CFB7484C}"
EndProject
Project("{9A19103F-16F7-4668-BE54-9A1E7A4F7556}") = "Reports.API", "Services\Reports\Report.API\Reports.API.csproj", "{38583024-8090-4FAD-9EF7-E43F9529ABC4}"
EndProject
Project("{2150E333-8FDC-42A3-9474-1A3956D46DE8}") = "Reports", "Reports", "{8E9C0F26-E373-463A-930B-BF39A3762FDD}"
EndProject
Project("{9A19103F-16F7-4668-BE54-9A1E7A4F7556}") = "Reports.Common", "Services\Reports\Reports.Common\Reports.Common.csproj", "{0A6EFC06-68AF-42CE-B661-1C57681C664F}"
EndProject
Project("{9A19103F-16F7-4668-BE54-9A1E7A4F7556}") = "EmployeeInformation.Common", "Services\EmployeeInformation\EmployeeInformation.Common\EmployeeInformation.Common.csproj", "{801986A5-2672-45B2-9A4D-DCF42C48FA16}"
EndProject
Project("{9A19103F-16F7-4668-BE54-9A1E7A4F7556}") = "Appointments.Application", "Services\Appointments\Appointments.Application\Appointments.Application.csproj", "{4CA4033F-2004-45E5-8E4D-A07883194823}"
EndProject
Project("{2150E333-8FDC-42A3-9474-1A3956D46DE8}") = "Security", "Security", "{054658BC-E889-428A-AD82-A0920358C87D}"
EndProject
Project("{9A19103F-16F7-4668-BE54-9A1E7A4F7556}") = "IdentityServer", "Security\IdentityServer\IdentityServer.csproj", "{57B0BFB5-650A-4D1A-B6CE-81B623409B4E}"
EndProject
Project("{9A19103F-16F7-4668-BE54-9A1E7A4F7556}") = "Impressions.Common", "Services\Impressions\Impressions.Common\Impressions.Common.csproj", "{57EFA940-2F8D-4B03-8577-C2B51FA02BAA}"
EndProject
Project("{9A19103F-16F7-4668-BE54-9A1E7A4F7556}") = "Impressions.GRPC", "Services\Impressions\Impressions.GRPC\Impressions.GRPC.csproj", "{53167DB8-532F-460D-8C97-8C5438769FDA}"
EndProject
Project("{9A19103F-16F7-4668-BE54-9A1E7A4F7556}") = "Appointments.Infrastructure", "Services\Appointments\Appointments.Infrastructure\Appointments.Infrastructure.csproj", "{1F2D1CB0-B5B3-463A-8DD4-1E375C24615F}"
EndProject
Project("{9A19103F-16F7-4668-BE54-9A1E7A4F7556}") = "Appointments.API", "Services\Appointments\Appointments.API\Appointments.API.csproj", "{1B3EDAF8-BC65-41A4-B9F7-3FC60FE52A03}"
EndProject
Project("{FAE04EC0-301F-11D3-BF4B-00C04F79EFBC}") = "Discounts.GRPC", "Services\Discounts\Discounts.GRPC\Discounts.GRPC.csproj", "{3DEFB37F-8B92-43A0-B060-B33B1C7B7E62}"
EndProject
Global
	GlobalSection(SolutionConfigurationPlatforms) = preSolution
		Debug|Any CPU = Debug|Any CPU
		Release|Any CPU = Release|Any CPU
	EndGlobalSection
	GlobalSection(ProjectConfigurationPlatforms) = postSolution
		{00B641C2-35F1-4024-BE2F-B1408117A88E}.Debug|Any CPU.ActiveCfg = Debug|Any CPU
		{00B641C2-35F1-4024-BE2F-B1408117A88E}.Debug|Any CPU.Build.0 = Debug|Any CPU
		{00B641C2-35F1-4024-BE2F-B1408117A88E}.Release|Any CPU.ActiveCfg = Release|Any CPU
		{00B641C2-35F1-4024-BE2F-B1408117A88E}.Release|Any CPU.Build.0 = Release|Any CPU
		{4C2D1098-D20B-49F2-AED8-44366C89610E}.Debug|Any CPU.ActiveCfg = Debug|Any CPU
		{4C2D1098-D20B-49F2-AED8-44366C89610E}.Debug|Any CPU.Build.0 = Debug|Any CPU
		{4C2D1098-D20B-49F2-AED8-44366C89610E}.Release|Any CPU.ActiveCfg = Release|Any CPU
		{4C2D1098-D20B-49F2-AED8-44366C89610E}.Release|Any CPU.Build.0 = Release|Any CPU
		{EECE8FB3-250C-4365-A2B0-645EABCF4838}.Debug|Any CPU.ActiveCfg = Debug|Any CPU
		{EECE8FB3-250C-4365-A2B0-645EABCF4838}.Debug|Any CPU.Build.0 = Debug|Any CPU
		{EECE8FB3-250C-4365-A2B0-645EABCF4838}.Release|Any CPU.ActiveCfg = Release|Any CPU
		{EECE8FB3-250C-4365-A2B0-645EABCF4838}.Release|Any CPU.Build.0 = Release|Any CPU
		{7E1B6802-7879-471D-B65C-B00FA8A4A310}.Debug|Any CPU.ActiveCfg = Debug|Any CPU
		{7E1B6802-7879-471D-B65C-B00FA8A4A310}.Debug|Any CPU.Build.0 = Debug|Any CPU
		{7E1B6802-7879-471D-B65C-B00FA8A4A310}.Release|Any CPU.ActiveCfg = Release|Any CPU
		{7E1B6802-7879-471D-B65C-B00FA8A4A310}.Release|Any CPU.Build.0 = Release|Any CPU
		{9926587D-7A20-4876-9B6F-DBC04966C8A6}.Debug|Any CPU.ActiveCfg = Debug|Any CPU
		{9926587D-7A20-4876-9B6F-DBC04966C8A6}.Debug|Any CPU.Build.0 = Debug|Any CPU
		{9926587D-7A20-4876-9B6F-DBC04966C8A6}.Release|Any CPU.ActiveCfg = Release|Any CPU
		{9926587D-7A20-4876-9B6F-DBC04966C8A6}.Release|Any CPU.Build.0 = Release|Any CPU
		{345D812B-B2A5-4B58-A027-DB98CFB7484C}.Debug|Any CPU.ActiveCfg = Debug|Any CPU
		{345D812B-B2A5-4B58-A027-DB98CFB7484C}.Debug|Any CPU.Build.0 = Debug|Any CPU
		{345D812B-B2A5-4B58-A027-DB98CFB7484C}.Release|Any CPU.ActiveCfg = Release|Any CPU
		{345D812B-B2A5-4B58-A027-DB98CFB7484C}.Release|Any CPU.Build.0 = Release|Any CPU
		{38583024-8090-4FAD-9EF7-E43F9529ABC4}.Debug|Any CPU.ActiveCfg = Debug|Any CPU
		{38583024-8090-4FAD-9EF7-E43F9529ABC4}.Debug|Any CPU.Build.0 = Debug|Any CPU
		{38583024-8090-4FAD-9EF7-E43F9529ABC4}.Release|Any CPU.ActiveCfg = Release|Any CPU
		{38583024-8090-4FAD-9EF7-E43F9529ABC4}.Release|Any CPU.Build.0 = Release|Any CPU
		{0A6EFC06-68AF-42CE-B661-1C57681C664F}.Debug|Any CPU.ActiveCfg = Debug|Any CPU
		{0A6EFC06-68AF-42CE-B661-1C57681C664F}.Debug|Any CPU.Build.0 = Debug|Any CPU
		{0A6EFC06-68AF-42CE-B661-1C57681C664F}.Release|Any CPU.ActiveCfg = Release|Any CPU
		{0A6EFC06-68AF-42CE-B661-1C57681C664F}.Release|Any CPU.Build.0 = Release|Any CPU
		{801986A5-2672-45B2-9A4D-DCF42C48FA16}.Debug|Any CPU.ActiveCfg = Debug|Any CPU
		{801986A5-2672-45B2-9A4D-DCF42C48FA16}.Debug|Any CPU.Build.0 = Debug|Any CPU
		{801986A5-2672-45B2-9A4D-DCF42C48FA16}.Release|Any CPU.ActiveCfg = Release|Any CPU
		{801986A5-2672-45B2-9A4D-DCF42C48FA16}.Release|Any CPU.Build.0 = Release|Any CPU
		{4CA4033F-2004-45E5-8E4D-A07883194823}.Debug|Any CPU.ActiveCfg = Debug|Any CPU
		{4CA4033F-2004-45E5-8E4D-A07883194823}.Debug|Any CPU.Build.0 = Debug|Any CPU
		{4CA4033F-2004-45E5-8E4D-A07883194823}.Release|Any CPU.ActiveCfg = Release|Any CPU
		{4CA4033F-2004-45E5-8E4D-A07883194823}.Release|Any CPU.Build.0 = Release|Any CPU
		{57B0BFB5-650A-4D1A-B6CE-81B623409B4E}.Debug|Any CPU.ActiveCfg = Debug|Any CPU
		{57B0BFB5-650A-4D1A-B6CE-81B623409B4E}.Debug|Any CPU.Build.0 = Debug|Any CPU
		{57B0BFB5-650A-4D1A-B6CE-81B623409B4E}.Release|Any CPU.ActiveCfg = Release|Any CPU
		{57B0BFB5-650A-4D1A-B6CE-81B623409B4E}.Release|Any CPU.Build.0 = Release|Any CPU
		{57EFA940-2F8D-4B03-8577-C2B51FA02BAA}.Debug|Any CPU.ActiveCfg = Debug|Any CPU
		{57EFA940-2F8D-4B03-8577-C2B51FA02BAA}.Debug|Any CPU.Build.0 = Debug|Any CPU
		{57EFA940-2F8D-4B03-8577-C2B51FA02BAA}.Release|Any CPU.ActiveCfg = Release|Any CPU
		{57EFA940-2F8D-4B03-8577-C2B51FA02BAA}.Release|Any CPU.Build.0 = Release|Any CPU
		{53167DB8-532F-460D-8C97-8C5438769FDA}.Debug|Any CPU.ActiveCfg = Debug|Any CPU
		{53167DB8-532F-460D-8C97-8C5438769FDA}.Debug|Any CPU.Build.0 = Debug|Any CPU
		{53167DB8-532F-460D-8C97-8C5438769FDA}.Release|Any CPU.ActiveCfg = Release|Any CPU
		{53167DB8-532F-460D-8C97-8C5438769FDA}.Release|Any CPU.Build.0 = Release|Any CPU
		{1F2D1CB0-B5B3-463A-8DD4-1E375C24615F}.Debug|Any CPU.ActiveCfg = Debug|Any CPU
		{1F2D1CB0-B5B3-463A-8DD4-1E375C24615F}.Debug|Any CPU.Build.0 = Debug|Any CPU
		{1F2D1CB0-B5B3-463A-8DD4-1E375C24615F}.Release|Any CPU.ActiveCfg = Release|Any CPU
		{1F2D1CB0-B5B3-463A-8DD4-1E375C24615F}.Release|Any CPU.Build.0 = Release|Any CPU
		{1B3EDAF8-BC65-41A4-B9F7-3FC60FE52A03}.Debug|Any CPU.ActiveCfg = Debug|Any CPU
		{1B3EDAF8-BC65-41A4-B9F7-3FC60FE52A03}.Debug|Any CPU.Build.0 = Debug|Any CPU
		{1B3EDAF8-BC65-41A4-B9F7-3FC60FE52A03}.Release|Any CPU.ActiveCfg = Release|Any CPU
		{1B3EDAF8-BC65-41A4-B9F7-3FC60FE52A03}.Release|Any CPU.Build.0 = Release|Any CPU
		{3DEFB37F-8B92-43A0-B060-B33B1C7B7E62}.Debug|Any CPU.ActiveCfg = Debug|Any CPU
		{3DEFB37F-8B92-43A0-B060-B33B1C7B7E62}.Debug|Any CPU.Build.0 = Debug|Any CPU
		{3DEFB37F-8B92-43A0-B060-B33B1C7B7E62}.Release|Any CPU.ActiveCfg = Release|Any CPU
		{3DEFB37F-8B92-43A0-B060-B33B1C7B7E62}.Release|Any CPU.Build.0 = Release|Any CPU
	EndGlobalSection
	GlobalSection(SolutionProperties) = preSolution
		HideSolutionNode = FALSE
	EndGlobalSection
	GlobalSection(NestedProjects) = preSolution
		{3520AFB2-E2A2-4CF4-80E6-553F8B269A13} = {B73F4640-0564-4E8F-A5FB-624030B182B6}
		{00B641C2-35F1-4024-BE2F-B1408117A88E} = {3520AFB2-E2A2-4CF4-80E6-553F8B269A13}
		{44CD5210-079E-4FBA-B3AA-648F9E078666} = {B73F4640-0564-4E8F-A5FB-624030B182B6}
		{EECE8FB3-250C-4365-A2B0-645EABCF4838} = {44CD5210-079E-4FBA-B3AA-648F9E078666}
		{7E1B6802-7879-471D-B65C-B00FA8A4A310} = {44CD5210-079E-4FBA-B3AA-648F9E078666}
		{3584BFCA-AFC5-4987-AB03-1A79F7587E1F} = {B73F4640-0564-4E8F-A5FB-624030B182B6}
		{9926587D-7A20-4876-9B6F-DBC04966C8A6} = {3584BFCA-AFC5-4987-AB03-1A79F7587E1F}
		{19F6B4FC-950F-410F-BFD3-6406028362DD} = {B73F4640-0564-4E8F-A5FB-624030B182B6}
		{345D812B-B2A5-4B58-A027-DB98CFB7484C} = {19F6B4FC-950F-410F-BFD3-6406028362DD}
		{38583024-8090-4FAD-9EF7-E43F9529ABC4} = {8E9C0F26-E373-463A-930B-BF39A3762FDD}
		{8E9C0F26-E373-463A-930B-BF39A3762FDD} = {B73F4640-0564-4E8F-A5FB-624030B182B6}
		{0A6EFC06-68AF-42CE-B661-1C57681C664F} = {8E9C0F26-E373-463A-930B-BF39A3762FDD}
		{801986A5-2672-45B2-9A4D-DCF42C48FA16} = {3520AFB2-E2A2-4CF4-80E6-553F8B269A13}
		{4CA4033F-2004-45E5-8E4D-A07883194823} = {19F6B4FC-950F-410F-BFD3-6406028362DD}
		{57B0BFB5-650A-4D1A-B6CE-81B623409B4E} = {054658BC-E889-428A-AD82-A0920358C87D}
		{57EFA940-2F8D-4B03-8577-C2B51FA02BAA} = {3584BFCA-AFC5-4987-AB03-1A79F7587E1F}
		{53167DB8-532F-460D-8C97-8C5438769FDA} = {3584BFCA-AFC5-4987-AB03-1A79F7587E1F}
		{1F2D1CB0-B5B3-463A-8DD4-1E375C24615F} = {19F6B4FC-950F-410F-BFD3-6406028362DD}
		{1B3EDAF8-BC65-41A4-B9F7-3FC60FE52A03} = {19F6B4FC-950F-410F-BFD3-6406028362DD}
		{3DEFB37F-8B92-43A0-B060-B33B1C7B7E62} = {44CD5210-079E-4FBA-B3AA-648F9E078666}
	EndGlobalSection
	GlobalSection(ExtensibilityGlobals) = postSolution
		SolutionGuid = {F3F1FC98-752A-4F50-BEF7-E8B242E527A4}
	EndGlobalSection
EndGlobal
