
Microsoft Visual Studio Solution File, Format Version 12.00
# Visual Studio Version 17
VisualStudioVersion = 17.4.33205.214
MinimumVisualStudioVersion = 10.0.40219.1
Project("{2150E333-8FDC-42A3-9474-1A3956D46DE8}") = "Services", "Services", "{B73F4640-0564-4E8F-A5FB-624030B182B6}"
EndProject
Project("{2150E333-8FDC-42A3-9474-1A3956D46DE8}") = "EmployeeInformation", "EmployeeInformation", "{3520AFB2-E2A2-4CF4-80E6-553F8B269A13}"
EndProject
Project("{9A19103F-16F7-4668-BE54-9A1E7A4F7556}") = "EmployeeInformation.API", "Services\EmployeeInformation\EmployeeInformation.API\EmployeeInformation.API.csproj", "{00B641C2-35F1-4024-BE2F-B1408117A88E}"
EndProject
Project("{E53339B2-1760-4266-BCC7-CA923CBCF16C}") = "docker-compose", "docker-compose.dcproj", "{4C2D1098-D20B-49F2-AED8-44366C89610E}"
EndProject
Project("{2150E333-8FDC-42A3-9474-1A3956D46DE8}") = "Discounts", "Discounts", "{44CD5210-079E-4FBA-B3AA-648F9E078666}"
EndProject
Project("{FAE04EC0-301F-11D3-BF4B-00C04F79EFBC}") = "Discount.Common", "Services\Discounts\Discount.Common\Discount.Common.csproj", "{EECE8FB3-250C-4365-A2B0-645EABCF4838}"
EndProject
Project("{FAE04EC0-301F-11D3-BF4B-00C04F79EFBC}") = "Discounts.API", "Services\Discounts\Discounts.API\Discounts.API.csproj", "{7E1B6802-7879-471D-B65C-B00FA8A4A310}"
EndProject
Global
	GlobalSection(SolutionConfigurationPlatforms) = preSolution
		Debug|Any CPU = Debug|Any CPU
		Release|Any CPU = Release|Any CPU
	EndGlobalSection
	GlobalSection(ProjectConfigurationPlatforms) = postSolution
		{00B641C2-35F1-4024-BE2F-B1408117A88E}.Debug|Any CPU.ActiveCfg = Debug|Any CPU
		{00B641C2-35F1-4024-BE2F-B1408117A88E}.Debug|Any CPU.Build.0 = Debug|Any CPU
		{00B641C2-35F1-4024-BE2F-B1408117A88E}.Release|Any CPU.ActiveCfg = Release|Any CPU
		{00B641C2-35F1-4024-BE2F-B1408117A88E}.Release|Any CPU.Build.0 = Release|Any CPU
		{4C2D1098-D20B-49F2-AED8-44366C89610E}.Debug|Any CPU.ActiveCfg = Debug|Any CPU
		{4C2D1098-D20B-49F2-AED8-44366C89610E}.Debug|Any CPU.Build.0 = Debug|Any CPU
		{4C2D1098-D20B-49F2-AED8-44366C89610E}.Release|Any CPU.ActiveCfg = Release|Any CPU
		{4C2D1098-D20B-49F2-AED8-44366C89610E}.Release|Any CPU.Build.0 = Release|Any CPU
		{EECE8FB3-250C-4365-A2B0-645EABCF4838}.Debug|Any CPU.ActiveCfg = Debug|Any CPU
		{EECE8FB3-250C-4365-A2B0-645EABCF4838}.Debug|Any CPU.Build.0 = Debug|Any CPU
		{EECE8FB3-250C-4365-A2B0-645EABCF4838}.Release|Any CPU.ActiveCfg = Release|Any CPU
		{EECE8FB3-250C-4365-A2B0-645EABCF4838}.Release|Any CPU.Build.0 = Release|Any CPU
		{7E1B6802-7879-471D-B65C-B00FA8A4A310}.Debug|Any CPU.ActiveCfg = Debug|Any CPU
		{7E1B6802-7879-471D-B65C-B00FA8A4A310}.Debug|Any CPU.Build.0 = Debug|Any CPU
		{7E1B6802-7879-471D-B65C-B00FA8A4A310}.Release|Any CPU.ActiveCfg = Release|Any CPU
		{7E1B6802-7879-471D-B65C-B00FA8A4A310}.Release|Any CPU.Build.0 = Release|Any CPU
	EndGlobalSection
	GlobalSection(SolutionProperties) = preSolution
		HideSolutionNode = FALSE
	EndGlobalSection
	GlobalSection(NestedProjects) = preSolution
		{3520AFB2-E2A2-4CF4-80E6-553F8B269A13} = {B73F4640-0564-4E8F-A5FB-624030B182B6}
		{00B641C2-35F1-4024-BE2F-B1408117A88E} = {3520AFB2-E2A2-4CF4-80E6-553F8B269A13}
		{44CD5210-079E-4FBA-B3AA-648F9E078666} = {B73F4640-0564-4E8F-A5FB-624030B182B6}
		{EECE8FB3-250C-4365-A2B0-645EABCF4838} = {44CD5210-079E-4FBA-B3AA-648F9E078666}
		{7E1B6802-7879-471D-B65C-B00FA8A4A310} = {44CD5210-079E-4FBA-B3AA-648F9E078666}
	EndGlobalSection
	GlobalSection(ExtensibilityGlobals) = postSolution
		SolutionGuid = {F3F1FC98-752A-4F50-BEF7-E8B242E527A4}
	EndGlobalSection
EndGlobal
